
Microsoft Visual Studio Solution File, Format Version 12.00
# Visual Studio Version 17
VisualStudioVersion = 17.11.35312.102
MinimumVisualStudioVersion = 10.0.40219.1
Project("{9A19103F-16F7-4668-BE54-9A1E7A4F7556}") = "Tales of the Calamity Remastered", "Tales of the Calamity Remastered.csproj", "{2C4BE526-C80E-44A1-9366-58C6A3F33D32}"
EndProject
Global
	GlobalSection(SolutionConfigurationPlatforms) = preSolution
		Debug|Any CPU = Debug|Any CPU
		ExportDebug|Any CPU = ExportDebug|Any CPU
		ExportRelease|Any CPU = ExportRelease|Any CPU
	EndGlobalSection
	GlobalSection(ProjectConfigurationPlatforms) = postSolution
		{2C4BE526-C80E-44A1-9366-58C6A3F33D32}.Debug|Any CPU.ActiveCfg = Debug|Any CPU
		{2C4BE526-C80E-44A1-9366-58C6A3F33D32}.Debug|Any CPU.Build.0 = Debug|Any CPU
		{2C4BE526-C80E-44A1-9366-58C6A3F33D32}.ExportDebug|Any CPU.ActiveCfg = ExportDebug|Any CPU
		{2C4BE526-C80E-44A1-9366-58C6A3F33D32}.ExportDebug|Any CPU.Build.0 = ExportDebug|Any CPU
		{2C4BE526-C80E-44A1-9366-58C6A3F33D32}.ExportRelease|Any CPU.ActiveCfg = ExportRelease|Any CPU
		{2C4BE526-C80E-44A1-9366-58C6A3F33D32}.ExportRelease|Any CPU.Build.0 = ExportRelease|Any CPU
	EndGlobalSection
	GlobalSection(SolutionProperties) = preSolution
		HideSolutionNode = FALSE
	EndGlobalSection
EndGlobal
